// !$*UTF8*$!
{
	archiveVersion = 1;
	classes = {
	};
	objectVersion = 50;
	objects = {

/* Begin PBXBuildFile section */
		4823EEAC21E644D500DEEB2C /* AppDelegate.swift in Sources */ = {isa = PBXBuildFile; fileRef = 4823EEAB21E644D500DEEB2C /* AppDelegate.swift */; };
		4823EEAE21E644D500DEEB2C /* ViewController.swift in Sources */ = {isa = PBXBuildFile; fileRef = 4823EEAD21E644D500DEEB2C /* ViewController.swift */; };
		4823EEB121E644D500DEEB2C /* Main.storyboard in Resources */ = {isa = PBXBuildFile; fileRef = 4823EEAF21E644D500DEEB2C /* Main.storyboard */; };
		4823EEB421E644D500DEEB2C /* BilibiliGuiChuRanking2.xcdatamodeld in Sources */ = {isa = PBXBuildFile; fileRef = 4823EEB221E644D500DEEB2C /* BilibiliGuiChuRanking2.xcdatamodeld */; };
		4823EEB621E644D600DEEB2C /* Assets.xcassets in Resources */ = {isa = PBXBuildFile; fileRef = 4823EEB521E644D600DEEB2C /* Assets.xcassets */; };
		4823EEB921E644D600DEEB2C /* LaunchScreen.storyboard in Resources */ = {isa = PBXBuildFile; fileRef = 4823EEB721E644D600DEEB2C /* LaunchScreen.storyboard */; };
		4823EEC421E644D600DEEB2C /* BilibiliGuiChuRanking2Tests.swift in Sources */ = {isa = PBXBuildFile; fileRef = 4823EEC321E644D600DEEB2C /* BilibiliGuiChuRanking2Tests.swift */; };
		4823EECF21E644D600DEEB2C /* BilibiliGuiChuRanking2UITests.swift in Sources */ = {isa = PBXBuildFile; fileRef = 4823EECE21E644D600DEEB2C /* BilibiliGuiChuRanking2UITests.swift */; };
		4823EEE121E645DB00DEEB2C /* TableViewCell.swift in Sources */ = {isa = PBXBuildFile; fileRef = 4823EEE021E645DB00DEEB2C /* TableViewCell.swift */; };
		48DC2C8521E7675A008FCE94 /* NextViewController.swift in Sources */ = {isa = PBXBuildFile; fileRef = 48DC2C8421E7675A008FCE94 /* NextViewController.swift */; };
/* End PBXBuildFile section */

/* Begin PBXContainerItemProxy section */
		4823EEC021E644D600DEEB2C /* PBXContainerItemProxy */ = {
			isa = PBXContainerItemProxy;
			containerPortal = 4823EEA021E644D500DEEB2C /* Project object */;
			proxyType = 1;
			remoteGlobalIDString = 4823EEA721E644D500DEEB2C;
			remoteInfo = BilibiliGuiChuRanking2;
		};
		4823EECB21E644D600DEEB2C /* PBXContainerItemProxy */ = {
			isa = PBXContainerItemProxy;
			containerPortal = 4823EEA021E644D500DEEB2C /* Project object */;
			proxyType = 1;
			remoteGlobalIDString = 4823EEA721E644D500DEEB2C;
			remoteInfo = BilibiliGuiChuRanking2;
		};
/* End PBXContainerItemProxy section */

/* Begin PBXFileReference section */
		4823EEA821E644D500DEEB2C /* BilibiliGuiChuRanking2.app */ = {isa = PBXFileReference; explicitFileType = wrapper.application; includeInIndex = 0; path = BilibiliGuiChuRanking2.app; sourceTree = BUILT_PRODUCTS_DIR; };
		4823EEAB21E644D500DEEB2C /* AppDelegate.swift */ = {isa = PBXFileReference; lastKnownFileType = sourcecode.swift; path = AppDelegate.swift; sourceTree = "<group>"; };
		4823EEAD21E644D500DEEB2C /* ViewController.swift */ = {isa = PBXFileReference; lastKnownFileType = sourcecode.swift; path = ViewController.swift; sourceTree = "<group>"; };
		4823EEB021E644D500DEEB2C /* Base */ = {isa = PBXFileReference; lastKnownFileType = file.storyboard; name = Base; path = Base.lproj/Main.storyboard; sourceTree = "<group>"; };
		4823EEB321E644D500DEEB2C /* BilibiliGuiChuRanking2.xcdatamodel */ = {isa = PBXFileReference; lastKnownFileType = wrapper.xcdatamodel; path = BilibiliGuiChuRanking2.xcdatamodel; sourceTree = "<group>"; };
		4823EEB521E644D600DEEB2C /* Assets.xcassets */ = {isa = PBXFileReference; lastKnownFileType = folder.assetcatalog; path = Assets.xcassets; sourceTree = "<group>"; };
		4823EEB821E644D600DEEB2C /* Base */ = {isa = PBXFileReference; lastKnownFileType = file.storyboard; name = Base; path = Base.lproj/LaunchScreen.storyboard; sourceTree = "<group>"; };
		4823EEBA21E644D600DEEB2C /* Info.plist */ = {isa = PBXFileReference; lastKnownFileType = text.plist.xml; path = Info.plist; sourceTree = "<group>"; };
		4823EEBF21E644D600DEEB2C /* BilibiliGuiChuRanking2Tests.xctest */ = {isa = PBXFileReference; explicitFileType = wrapper.cfbundle; includeInIndex = 0; path = BilibiliGuiChuRanking2Tests.xctest; sourceTree = BUILT_PRODUCTS_DIR; };
		4823EEC321E644D600DEEB2C /* BilibiliGuiChuRanking2Tests.swift */ = {isa = PBXFileReference; lastKnownFileType = sourcecode.swift; path = BilibiliGuiChuRanking2Tests.swift; sourceTree = "<group>"; };
		4823EEC521E644D600DEEB2C /* Info.plist */ = {isa = PBXFileReference; lastKnownFileType = text.plist.xml; path = Info.plist; sourceTree = "<group>"; };
		4823EECA21E644D600DEEB2C /* BilibiliGuiChuRanking2UITests.xctest */ = {isa = PBXFileReference; explicitFileType = wrapper.cfbundle; includeInIndex = 0; path = BilibiliGuiChuRanking2UITests.xctest; sourceTree = BUILT_PRODUCTS_DIR; };
		4823EECE21E644D600DEEB2C /* BilibiliGuiChuRanking2UITests.swift */ = {isa = PBXFileReference; lastKnownFileType = sourcecode.swift; path = BilibiliGuiChuRanking2UITests.swift; sourceTree = "<group>"; };
		4823EED021E644D600DEEB2C /* Info.plist */ = {isa = PBXFileReference; lastKnownFileType = text.plist.xml; path = Info.plist; sourceTree = "<group>"; };
		4823EEDC21E6454600DEEB2C /* User+CoreDataClass.swift */ = {isa = PBXFileReference; lastKnownFileType = sourcecode.swift; path = "User+CoreDataClass.swift"; sourceTree = "<group>"; };
		4823EEDD21E6454600DEEB2C /* User+CoreDataProperties.swift */ = {isa = PBXFileReference; lastKnownFileType = sourcecode.swift; path = "User+CoreDataProperties.swift"; sourceTree = "<group>"; };
		4823EEE021E645DB00DEEB2C /* TableViewCell.swift */ = {isa = PBXFileReference; lastKnownFileType = sourcecode.swift; path = TableViewCell.swift; sourceTree = "<group>"; };
		48DC2C8421E7675A008FCE94 /* NextViewController.swift */ = {isa = PBXFileReference; lastKnownFileType = sourcecode.swift; path = NextViewController.swift; sourceTree = "<group>"; };
/* End PBXFileReference section */

/* Begin PBXFrameworksBuildPhase section */
		4823EEA521E644D500DEEB2C /* Frameworks */ = {
			isa = PBXFrameworksBuildPhase;
			buildActionMask = 2147483647;
			files = (
			);
			runOnlyForDeploymentPostprocessing = 0;
		};
		4823EEBC21E644D600DEEB2C /* Frameworks */ = {
			isa = PBXFrameworksBuildPhase;
			buildActionMask = 2147483647;
			files = (
			);
			runOnlyForDeploymentPostprocessing = 0;
		};
		4823EEC721E644D600DEEB2C /* Frameworks */ = {
			isa = PBXFrameworksBuildPhase;
			buildActionMask = 2147483647;
			files = (
			);
			runOnlyForDeploymentPostprocessing = 0;
		};
/* End PBXFrameworksBuildPhase section */

/* Begin PBXGroup section */
		4823EE9F21E644D500DEEB2C = {
			isa = PBXGroup;
			children = (
				4823EEDC21E6454600DEEB2C /* User+CoreDataClass.swift */,
				4823EEDD21E6454600DEEB2C /* User+CoreDataProperties.swift */,
				4823EEAA21E644D500DEEB2C /* BilibiliGuiChuRanking2 */,
				4823EEC221E644D600DEEB2C /* BilibiliGuiChuRanking2Tests */,
				4823EECD21E644D600DEEB2C /* BilibiliGuiChuRanking2UITests */,
				4823EEA921E644D500DEEB2C /* Products */,
			);
			sourceTree = "<group>";
		};
		4823EEA921E644D500DEEB2C /* Products */ = {
			isa = PBXGroup;
			children = (
				4823EEA821E644D500DEEB2C /* BilibiliGuiChuRanking2.app */,
				4823EEBF21E644D600DEEB2C /* BilibiliGuiChuRanking2Tests.xctest */,
				4823EECA21E644D600DEEB2C /* BilibiliGuiChuRanking2UITests.xctest */,
			);
			name = Products;
			sourceTree = "<group>";
		};
		4823EEAA21E644D500DEEB2C /* BilibiliGuiChuRanking2 */ = {
			isa = PBXGroup;
			children = (
				4823EEAB21E644D500DEEB2C /* AppDelegate.swift */,
				4823EEAD21E644D500DEEB2C /* ViewController.swift */,
				48DC2C8421E7675A008FCE94 /* NextViewController.swift */,
				4823EEE021E645DB00DEEB2C /* TableViewCell.swift */,
				4823EEAF21E644D500DEEB2C /* Main.storyboard */,
				4823EEB521E644D600DEEB2C /* Assets.xcassets */,
				4823EEB721E644D600DEEB2C /* LaunchScreen.storyboard */,
				4823EEBA21E644D600DEEB2C /* Info.plist */,
				4823EEB221E644D500DEEB2C /* BilibiliGuiChuRanking2.xcdatamodeld */,
			);
			path = BilibiliGuiChuRanking2;
			sourceTree = "<group>";
		};
		4823EEC221E644D600DEEB2C /* BilibiliGuiChuRanking2Tests */ = {
			isa = PBXGroup;
			children = (
				4823EEC321E644D600DEEB2C /* BilibiliGuiChuRanking2Tests.swift */,
				4823EEC521E644D600DEEB2C /* Info.plist */,
			);
			path = BilibiliGuiChuRanking2Tests;
			sourceTree = "<group>";
		};
		4823EECD21E644D600DEEB2C /* BilibiliGuiChuRanking2UITests */ = {
			isa = PBXGroup;
			children = (
				4823EECE21E644D600DEEB2C /* BilibiliGuiChuRanking2UITests.swift */,
				4823EED021E644D600DEEB2C /* Info.plist */,
			);
			path = BilibiliGuiChuRanking2UITests;
			sourceTree = "<group>";
		};
/* End PBXGroup section */

/* Begin PBXNativeTarget section */
		4823EEA721E644D500DEEB2C /* BilibiliGuiChuRanking2 */ = {
			isa = PBXNativeTarget;
			buildConfigurationList = 4823EED321E644D600DEEB2C /* Build configuration list for PBXNativeTarget "BilibiliGuiChuRanking2" */;
			buildPhases = (
				4823EEA421E644D500DEEB2C /* Sources */,
				4823EEA521E644D500DEEB2C /* Frameworks */,
				4823EEA621E644D500DEEB2C /* Resources */,
			);
			buildRules = (
			);
			dependencies = (
			);
			name = BilibiliGuiChuRanking2;
			productName = BilibiliGuiChuRanking2;
			productReference = 4823EEA821E644D500DEEB2C /* BilibiliGuiChuRanking2.app */;
			productType = "com.apple.product-type.application";
		};
		4823EEBE21E644D600DEEB2C /* BilibiliGuiChuRanking2Tests */ = {
			isa = PBXNativeTarget;
			buildConfigurationList = 4823EED621E644D600DEEB2C /* Build configuration list for PBXNativeTarget "BilibiliGuiChuRanking2Tests" */;
			buildPhases = (
				4823EEBB21E644D600DEEB2C /* Sources */,
				4823EEBC21E644D600DEEB2C /* Frameworks */,
				4823EEBD21E644D600DEEB2C /* Resources */,
			);
			buildRules = (
			);
			dependencies = (
				4823EEC121E644D600DEEB2C /* PBXTargetDependency */,
			);
			name = BilibiliGuiChuRanking2Tests;
			productName = BilibiliGuiChuRanking2Tests;
			productReference = 4823EEBF21E644D600DEEB2C /* BilibiliGuiChuRanking2Tests.xctest */;
			productType = "com.apple.product-type.bundle.unit-test";
		};
		4823EEC921E644D600DEEB2C /* BilibiliGuiChuRanking2UITests */ = {
			isa = PBXNativeTarget;
			buildConfigurationList = 4823EED921E644D600DEEB2C /* Build configuration list for PBXNativeTarget "BilibiliGuiChuRanking2UITests" */;
			buildPhases = (
				4823EEC621E644D600DEEB2C /* Sources */,
				4823EEC721E644D600DEEB2C /* Frameworks */,
				4823EEC821E644D600DEEB2C /* Resources */,
			);
			buildRules = (
			);
			dependencies = (
				4823EECC21E644D600DEEB2C /* PBXTargetDependency */,
			);
			name = BilibiliGuiChuRanking2UITests;
			productName = BilibiliGuiChuRanking2UITests;
			productReference = 4823EECA21E644D600DEEB2C /* BilibiliGuiChuRanking2UITests.xctest */;
			productType = "com.apple.product-type.bundle.ui-testing";
		};
/* End PBXNativeTarget section */

/* Begin PBXProject section */
		4823EEA021E644D500DEEB2C /* Project object */ = {
			isa = PBXProject;
			attributes = {
				LastSwiftUpdateCheck = 1010;
				LastUpgradeCheck = 1010;
				ORGANIZATIONNAME = Kims;
				TargetAttributes = {
					4823EEA721E644D500DEEB2C = {
						CreatedOnToolsVersion = 10.1;
					};
					4823EEBE21E644D600DEEB2C = {
						CreatedOnToolsVersion = 10.1;
						TestTargetID = 4823EEA721E644D500DEEB2C;
					};
					4823EEC921E644D600DEEB2C = {
						CreatedOnToolsVersion = 10.1;
						TestTargetID = 4823EEA721E644D500DEEB2C;
					};
				};
			};
			buildConfigurationList = 4823EEA321E644D500DEEB2C /* Build configuration list for PBXProject "BilibiliGuiChuRanking2" */;
			compatibilityVersion = "Xcode 9.3";
			developmentRegion = en;
			hasScannedForEncodings = 0;
			knownRegions = (
				en,
				Base,
			);
			mainGroup = 4823EE9F21E644D500DEEB2C;
			productRefGroup = 4823EEA921E644D500DEEB2C /* Products */;
			projectDirPath = "";
			projectRoot = "";
			targets = (
				4823EEA721E644D500DEEB2C /* BilibiliGuiChuRanking2 */,
				4823EEBE21E644D600DEEB2C /* BilibiliGuiChuRanking2Tests */,
				4823EEC921E644D600DEEB2C /* BilibiliGuiChuRanking2UITests */,
			);
		};
/* End PBXProject section */

/* Begin PBXResourcesBuildPhase section */
		4823EEA621E644D500DEEB2C /* Resources */ = {
			isa = PBXResourcesBuildPhase;
			buildActionMask = 2147483647;
			files = (
				4823EEB921E644D600DEEB2C /* LaunchScreen.storyboard in Resources */,
				4823EEB621E644D600DEEB2C /* Assets.xcassets in Resources */,
				4823EEB121E644D500DEEB2C /* Main.storyboard in Resources */,
			);
			runOnlyForDeploymentPostprocessing = 0;
		};
		4823EEBD21E644D600DEEB2C /* Resources */ = {
			isa = PBXResourcesBuildPhase;
			buildActionMask = 2147483647;
			files = (
			);
			runOnlyForDeploymentPostprocessing = 0;
		};
		4823EEC821E644D600DEEB2C /* Resources */ = {
			isa = PBXResourcesBuildPhase;
			buildActionMask = 2147483647;
			files = (
			);
			runOnlyForDeploymentPostprocessing = 0;
		};
/* End PBXResourcesBuildPhase section */

/* Begin PBXSourcesBuildPhase section */
		4823EEA421E644D500DEEB2C /* Sources */ = {
			isa = PBXSourcesBuildPhase;
			buildActionMask = 2147483647;
			files = (
				48DC2C8521E7675A008FCE94 /* NextViewController.swift in Sources */,
				4823EEAE21E644D500DEEB2C /* ViewController.swift in Sources */,
				4823EEE121E645DB00DEEB2C /* TableViewCell.swift in Sources */,
				4823EEB421E644D500DEEB2C /* BilibiliGuiChuRanking2.xcdatamodeld in Sources */,
				4823EEAC21E644D500DEEB2C /* AppDelegate.swift in Sources */,
			);
			runOnlyForDeploymentPostprocessing = 0;
		};
		4823EEBB21E644D600DEEB2C /* Sources */ = {
			isa = PBXSourcesBuildPhase;
			buildActionMask = 2147483647;
			files = (
				4823EEC421E644D600DEEB2C /* BilibiliGuiChuRanking2Tests.swift in Sources */,
			);
			runOnlyForDeploymentPostprocessing = 0;
		};
		4823EEC621E644D600DEEB2C /* Sources */ = {
			isa = PBXSourcesBuildPhase;
			buildActionMask = 2147483647;
			files = (
				4823EECF21E644D600DEEB2C /* BilibiliGuiChuRanking2UITests.swift in Sources */,
			);
			runOnlyForDeploymentPostprocessing = 0;
		};
/* End PBXSourcesBuildPhase section */

/* Begin PBXTargetDependency section */
		4823EEC121E644D600DEEB2C /* PBXTargetDependency */ = {
			isa = PBXTargetDependency;
			target = 4823EEA721E644D500DEEB2C /* BilibiliGuiChuRanking2 */;
			targetProxy = 4823EEC021E644D600DEEB2C /* PBXContainerItemProxy */;
		};
		4823EECC21E644D600DEEB2C /* PBXTargetDependency */ = {
			isa = PBXTargetDependency;
			target = 4823EEA721E644D500DEEB2C /* BilibiliGuiChuRanking2 */;
			targetProxy = 4823EECB21E644D600DEEB2C /* PBXContainerItemProxy */;
		};
/* End PBXTargetDependency section */

/* Begin PBXVariantGroup section */
		4823EEAF21E644D500DEEB2C /* Main.storyboard */ = {
			isa = PBXVariantGroup;
			children = (
				4823EEB021E644D500DEEB2C /* Base */,
			);
			name = Main.storyboard;
			sourceTree = "<group>";
		};
		4823EEB721E644D600DEEB2C /* LaunchScreen.storyboard */ = {
			isa = PBXVariantGroup;
			children = (
				4823EEB821E644D600DEEB2C /* Base */,
			);
			name = LaunchScreen.storyboard;
			sourceTree = "<group>";
		};
/* End PBXVariantGroup section */

/* Begin XCBuildConfiguration section */
		4823EED121E644D600DEEB2C /* Debug */ = {
			isa = XCBuildConfiguration;
			buildSettings = {
				ALWAYS_SEARCH_USER_PATHS = NO;
				CLANG_ANALYZER_NONNULL = YES;
				CLANG_ANALYZER_NUMBER_OBJECT_CONVERSION = YES_AGGRESSIVE;
				CLANG_CXX_LANGUAGE_STANDARD = "gnu++14";
				CLANG_CXX_LIBRARY = "libc++";
				CLANG_ENABLE_MODULES = YES;
				CLANG_ENABLE_OBJC_ARC = YES;
				CLANG_ENABLE_OBJC_WEAK = YES;
				CLANG_WARN_BLOCK_CAPTURE_AUTORELEASING = YES;
				CLANG_WARN_BOOL_CONVERSION = YES;
				CLANG_WARN_COMMA = YES;
				CLANG_WARN_CONSTANT_CONVERSION = YES;
				CLANG_WARN_DEPRECATED_OBJC_IMPLEMENTATIONS = YES;
				CLANG_WARN_DIRECT_OBJC_ISA_USAGE = YES_ERROR;
				CLANG_WARN_DOCUMENTATION_COMMENTS = YES;
				CLANG_WARN_EMPTY_BODY = YES;
				CLANG_WARN_ENUM_CONVERSION = YES;
				CLANG_WARN_INFINITE_RECURSION = YES;
				CLANG_WARN_INT_CONVERSION = YES;
				CLANG_WARN_NON_LITERAL_NULL_CONVERSION = YES;
				CLANG_WARN_OBJC_IMPLICIT_RETAIN_SELF = YES;
				CLANG_WARN_OBJC_LITERAL_CONVERSION = YES;
				CLANG_WARN_OBJC_ROOT_CLASS = YES_ERROR;
				CLANG_WARN_RANGE_LOOP_ANALYSIS = YES;
				CLANG_WARN_STRICT_PROTOTYPES = YES;
				CLANG_WARN_SUSPICIOUS_MOVE = YES;
				CLANG_WARN_UNGUARDED_AVAILABILITY = YES_AGGRESSIVE;
				CLANG_WARN_UNREACHABLE_CODE = YES;
				CLANG_WARN__DUPLICATE_METHOD_MATCH = YES;
				CODE_SIGN_IDENTITY = "iPhone Developer";
				COPY_PHASE_STRIP = NO;
				DEBUG_INFORMATION_FORMAT = dwarf;
				ENABLE_STRICT_OBJC_MSGSEND = YES;
				ENABLE_TESTABILITY = YES;
				GCC_C_LANGUAGE_STANDARD = gnu11;
				GCC_DYNAMIC_NO_PIC = NO;
				GCC_NO_COMMON_BLOCKS = YES;
				GCC_OPTIMIZATION_LEVEL = 0;
				GCC_PREPROCESSOR_DEFINITIONS = (
					"DEBUG=1",
					"$(inherited)",
				);
				GCC_WARN_64_TO_32_BIT_CONVERSION = YES;
				GCC_WARN_ABOUT_RETURN_TYPE = YES_ERROR;
				GCC_WARN_UNDECLARED_SELECTOR = YES;
				GCC_WARN_UNINITIALIZED_AUTOS = YES_AGGRESSIVE;
				GCC_WARN_UNUSED_FUNCTION = YES;
				GCC_WARN_UNUSED_VARIABLE = YES;
				IPHONEOS_DEPLOYMENT_TARGET = 12.1;
				MTL_ENABLE_DEBUG_INFO = INCLUDE_SOURCE;
				MTL_FAST_MATH = YES;
				ONLY_ACTIVE_ARCH = YES;
				SDKROOT = iphoneos;
				SWIFT_ACTIVE_COMPILATION_CONDITIONS = DEBUG;
				SWIFT_OPTIMIZATION_LEVEL = "-Onone";
			};
			name = Debug;
		};
		4823EED221E644D600DEEB2C /* Release */ = {
			isa = XCBuildConfiguration;
			buildSettings = {
				ALWAYS_SEARCH_USER_PATHS = NO;
				CLANG_ANALYZER_NONNULL = YES;
				CLANG_ANALYZER_NUMBER_OBJECT_CONVERSION = YES_AGGRESSIVE;
				CLANG_CXX_LANGUAGE_STANDARD = "gnu++14";
				CLANG_CXX_LIBRARY = "libc++";
				CLANG_ENABLE_MODULES = YES;
				CLANG_ENABLE_OBJC_ARC = YES;
				CLANG_ENABLE_OBJC_WEAK = YES;
				CLANG_WARN_BLOCK_CAPTURE_AUTORELEASING = YES;
				CLANG_WARN_BOOL_CONVERSION = YES;
				CLANG_WARN_COMMA = YES;
				CLANG_WARN_CONSTANT_CONVERSION = YES;
				CLANG_WARN_DEPRECATED_OBJC_IMPLEMENTATIONS = YES;
				CLANG_WARN_DIRECT_OBJC_ISA_USAGE = YES_ERROR;
				CLANG_WARN_DOCUMENTATION_COMMENTS = YES;
				CLANG_WARN_EMPTY_BODY = YES;
				CLANG_WARN_ENUM_CONVERSION = YES;
				CLANG_WARN_INFINITE_RECURSION = YES;
				CLANG_WARN_INT_CONVERSION = YES;
				CLANG_WARN_NON_LITERAL_NULL_CONVERSION = YES;
				CLANG_WARN_OBJC_IMPLICIT_RETAIN_SELF = YES;
				CLANG_WARN_OBJC_LITERAL_CONVERSION = YES;
				CLANG_WARN_OBJC_ROOT_CLASS = YES_ERROR;
				CLANG_WARN_RANGE_LOOP_ANALYSIS = YES;
				CLANG_WARN_STRICT_PROTOTYPES = YES;
				CLANG_WARN_SUSPICIOUS_MOVE = YES;
				CLANG_WARN_UNGUARDED_AVAILABILITY = YES_AGGRESSIVE;
				CLANG_WARN_UNREACHABLE_CODE = YES;
				CLANG_WARN__DUPLICATE_METHOD_MATCH = YES;
				CODE_SIGN_IDENTITY = "iPhone Developer";
				COPY_PHASE_STRIP = NO;
				DEBUG_INFORMATION_FORMAT = "dwarf-with-dsym";
				ENABLE_NS_ASSERTIONS = NO;
				ENABLE_STRICT_OBJC_MSGSEND = YES;
				GCC_C_LANGUAGE_STANDARD = gnu11;
				GCC_NO_COMMON_BLOCKS = YES;
				GCC_WARN_64_TO_32_BIT_CONVERSION = YES;
				GCC_WARN_ABOUT_RETURN_TYPE = YES_ERROR;
				GCC_WARN_UNDECLARED_SELECTOR = YES;
				GCC_WARN_UNINITIALIZED_AUTOS = YES_AGGRESSIVE;
				GCC_WARN_UNUSED_FUNCTION = YES;
				GCC_WARN_UNUSED_VARIABLE = YES;
				IPHONEOS_DEPLOYMENT_TARGET = 12.1;
				MTL_ENABLE_DEBUG_INFO = NO;
				MTL_FAST_MATH = YES;
				SDKROOT = iphoneos;
				SWIFT_COMPILATION_MODE = wholemodule;
				SWIFT_OPTIMIZATION_LEVEL = "-O";
				VALIDATE_PRODUCT = YES;
			};
			name = Release;
		};
		4823EED421E644D600DEEB2C /* Debug */ = {
			isa = XCBuildConfiguration;
			buildSettings = {
				ASSETCATALOG_COMPILER_APPICON_NAME = AppIcon;
				CODE_SIGN_STYLE = Automatic;
				DEVELOPMENT_TEAM = MW4X33Y6Q8;
				INFOPLIST_FILE = BilibiliGuiChuRanking2/Info.plist;
				LD_RUNPATH_SEARCH_PATHS = (
					"$(inherited)",
					"@executable_path/Frameworks",
				);
				PRODUCT_BUNDLE_IDENTIFIER = com.Kims.BilibiliGuiChuRanking2;
				PRODUCT_NAME = "$(TARGET_NAME)";
				SWIFT_VERSION = 4.2;
				TARGETED_DEVICE_FAMILY = "1,2";
			};
			name = Debug;
		};
		4823EED521E644D600DEEB2C /* Release */ = {
			isa = XCBuildConfiguration;
			buildSettings = {
				ASSETCATALOG_COMPILER_APPICON_NAME = AppIcon;
				CODE_SIGN_STYLE = Automatic;
				DEVELOPMENT_TEAM = MW4X33Y6Q8;
				INFOPLIST_FILE = BilibiliGuiChuRanking2/Info.plist;
				LD_RUNPATH_SEARCH_PATHS = (
					"$(inherited)",
					"@executable_path/Frameworks",
				);
				PRODUCT_BUNDLE_IDENTIFIER = com.Kims.BilibiliGuiChuRanking2;
				PRODUCT_NAME = "$(TARGET_NAME)";
				SWIFT_VERSION = 4.2;
				TARGETED_DEVICE_FAMILY = "1,2";
			};
			name = Release;
		};
		4823EED721E644D600DEEB2C /* Debug */ = {
			isa = XCBuildConfiguration;
			buildSettings = {
				ALWAYS_EMBED_SWIFT_STANDARD_LIBRARIES = YES;
				BUNDLE_LOADER = "$(TEST_HOST)";
				CODE_SIGN_STYLE = Automatic;
				DEVELOPMENT_TEAM = MW4X33Y6Q8;
				INFOPLIST_FILE = BilibiliGuiChuRanking2Tests/Info.plist;
				LD_RUNPATH_SEARCH_PATHS = (
					"$(inherited)",
					"@executable_path/Frameworks",
					"@loader_path/Frameworks",
				);
				PRODUCT_BUNDLE_IDENTIFIER = com.Kims.BilibiliGuiChuRanking2Tests;
				PRODUCT_NAME = "$(TARGET_NAME)";
				SWIFT_VERSION = 4.2;
				TARGETED_DEVICE_FAMILY = "1,2";
				TEST_HOST = "$(BUILT_PRODUCTS_DIR)/BilibiliGuiChuRanking2.app/BilibiliGuiChuRanking2";
			};
			name = Debug;
		};
		4823EED821E644D600DEEB2C /* Release */ = {
			isa = XCBuildConfiguration;
			buildSettings = {
				ALWAYS_EMBED_SWIFT_STANDARD_LIBRARIES = YES;
				BUNDLE_LOADER = "$(TEST_HOST)";
				CODE_SIGN_STYLE = Automatic;
				DEVELOPMENT_TEAM = MW4X33Y6Q8;
				INFOPLIST_FILE = BilibiliGuiChuRanking2Tests/Info.plist;
				LD_RUNPATH_SEARCH_PATHS = (
					"$(inherited)",
					"@executable_path/Frameworks",
					"@loader_path/Frameworks",
				);
				PRODUCT_BUNDLE_IDENTIFIER = com.Kims.BilibiliGuiChuRanking2Tests;
				PRODUCT_NAME = "$(TARGET_NAME)";
				SWIFT_VERSION = 4.2;
				TARGETED_DEVICE_FAMILY = "1,2";
				TEST_HOST = "$(BUILT_PRODUCTS_DIR)/BilibiliGuiChuRanking2.app/BilibiliGuiChuRanking2";
			};
			name = Release;
		};
		4823EEDA21E644D600DEEB2C /* Debug */ = {
			isa = XCBuildConfiguration;
			buildSettings = {
				ALWAYS_EMBED_SWIFT_STANDARD_LIBRARIES = YES;
				CODE_SIGN_STYLE = Automatic;
				DEVELOPMENT_TEAM = MW4X33Y6Q8;
				INFOPLIST_FILE = BilibiliGuiChuRanking2UITests/Info.plist;
				LD_RUNPATH_SEARCH_PATHS = (
					"$(inherited)",
					"@executable_path/Frameworks",
					"@loader_path/Frameworks",
				);
				PRODUCT_BUNDLE_IDENTIFIER = com.Kims.BilibiliGuiChuRanking2UITests;
				PRODUCT_NAME = "$(TARGET_NAME)";
				SWIFT_VERSION = 4.2;
				TARGETED_DEVICE_FAMILY = "1,2";
				TEST_TARGET_NAME = BilibiliGuiChuRanking2;
			};
			name = Debug;
		};
		4823EEDB21E644D600DEEB2C /* Release */ = {
			isa = XCBuildConfiguration;
			buildSettings = {
				ALWAYS_EMBED_SWIFT_STANDARD_LIBRARIES = YES;
				CODE_SIGN_STYLE = Automatic;
				DEVELOPMENT_TEAM = MW4X33Y6Q8;
				INFOPLIST_FILE = BilibiliGuiChuRanking2UITests/Info.plist;
				LD_RUNPATH_SEARCH_PATHS = (
					"$(inherited)",
					"@executable_path/Frameworks",
					"@loader_path/Frameworks",
				);
				PRODUCT_BUNDLE_IDENTIFIER = com.Kims.BilibiliGuiChuRanking2UITests;
				PRODUCT_NAME = "$(TARGET_NAME)";
				SWIFT_VERSION = 4.2;
				TARGETED_DEVICE_FAMILY = "1,2";
				TEST_TARGET_NAME = BilibiliGuiChuRanking2;
			};
			name = Release;
		};
/* End XCBuildConfiguration section */

/* Begin XCConfigurationList section */
		4823EEA321E644D500DEEB2C /* Build configuration list for PBXProject "BilibiliGuiChuRanking2" */ = {
			isa = XCConfigurationList;
			buildConfigurations = (
				4823EED121E644D600DEEB2C /* Debug */,
				4823EED221E644D600DEEB2C /* Release */,
			);
			defaultConfigurationIsVisible = 0;
			defaultConfigurationName = Release;
		};
		4823EED321E644D600DEEB2C /* Build configuration list for PBXNativeTarget "BilibiliGuiChuRanking2" */ = {
			isa = XCConfigurationList;
			buildConfigurations = (
				4823EED421E644D600DEEB2C /* Debug */,
				4823EED521E644D600DEEB2C /* Release */,
			);
			defaultConfigurationIsVisible = 0;
			defaultConfigurationName = Release;
		};
		4823EED621E644D600DEEB2C /* Build configuration list for PBXNativeTarget "BilibiliGuiChuRanking2Tests" */ = {
			isa = XCConfigurationList;
			buildConfigurations = (
				4823EED721E644D600DEEB2C /* Debug */,
				4823EED821E644D600DEEB2C /* Release */,
			);
			defaultConfigurationIsVisible = 0;
			defaultConfigurationName = Release;
		};
		4823EED921E644D600DEEB2C /* Build configuration list for PBXNativeTarget "BilibiliGuiChuRanking2UITests" */ = {
			isa = XCConfigurationList;
			buildConfigurations = (
				4823EEDA21E644D600DEEB2C /* Debug */,
				4823EEDB21E644D600DEEB2C /* Release */,
			);
			defaultConfigurationIsVisible = 0;
			defaultConfigurationName = Release;
		};
/* End XCConfigurationList section */

/* Begin XCVersionGroup section */
		4823EEB221E644D500DEEB2C /* BilibiliGuiChuRanking2.xcdatamodeld */ = {
			isa = XCVersionGroup;
			children = (
				4823EEB321E644D500DEEB2C /* BilibiliGuiChuRanking2.xcdatamodel */,
			);
			currentVersion = 4823EEB321E644D500DEEB2C /* BilibiliGuiChuRanking2.xcdatamodel */;
			path = BilibiliGuiChuRanking2.xcdatamodeld;
			sourceTree = "<group>";
			versionGroupType = wrapper.xcdatamodel;
		};
/* End XCVersionGroup section */
	};
	rootObject = 4823EEA021E644D500DEEB2C /* Project object */;
}
